
Microsoft Visual Studio Solution File, Format Version 12.00
Project("{FAE04EC0-301F-11D3-BF4B-00C04F79EFBC}") = "Model", "Model\Model.csproj", "{5CCC17D8-FAF0-4AB5-9577-40BE424565EA}"
EndProject
Project("{FAE04EC0-301F-11D3-BF4B-00C04F79EFBC}") = "EasyBook_Server", "EasyBook_Server\EasyBook_Server.csproj", "{F87C04E9-B029-4FDD-9B97-99956FBDF1C2}"
EndProject
Project("{FAE04EC0-301F-11D3-BF4B-00C04F79EFBC}") = "EasyBook_Client", "EasyBook_Client\EasyBook_Client.csproj", "{8AFAF726-B9D9-418E-8B25-8A2B63DE5B59}"
EndProject
Global
	GlobalSection(SolutionConfigurationPlatforms) = preSolution
		Debug|Any CPU = Debug|Any CPU
		Release|Any CPU = Release|Any CPU
	EndGlobalSection
	GlobalSection(ProjectConfigurationPlatforms) = postSolution
		{5CCC17D8-FAF0-4AB5-9577-40BE424565EA}.Debug|Any CPU.ActiveCfg = Debug|Any CPU
		{5CCC17D8-FAF0-4AB5-9577-40BE424565EA}.Debug|Any CPU.Build.0 = Debug|Any CPU
		{5CCC17D8-FAF0-4AB5-9577-40BE424565EA}.Release|Any CPU.ActiveCfg = Release|Any CPU
		{5CCC17D8-FAF0-4AB5-9577-40BE424565EA}.Release|Any CPU.Build.0 = Release|Any CPU
		{F87C04E9-B029-4FDD-9B97-99956FBDF1C2}.Debug|Any CPU.ActiveCfg = Debug|Any CPU
		{F87C04E9-B029-4FDD-9B97-99956FBDF1C2}.Debug|Any CPU.Build.0 = Debug|Any CPU
		{F87C04E9-B029-4FDD-9B97-99956FBDF1C2}.Release|Any CPU.ActiveCfg = Release|Any CPU
		{F87C04E9-B029-4FDD-9B97-99956FBDF1C2}.Release|Any CPU.Build.0 = Release|Any CPU
		{8AFAF726-B9D9-418E-8B25-8A2B63DE5B59}.Debug|Any CPU.ActiveCfg = Debug|Any CPU
		{8AFAF726-B9D9-418E-8B25-8A2B63DE5B59}.Debug|Any CPU.Build.0 = Debug|Any CPU
		{8AFAF726-B9D9-418E-8B25-8A2B63DE5B59}.Release|Any CPU.ActiveCfg = Release|Any CPU
		{8AFAF726-B9D9-418E-8B25-8A2B63DE5B59}.Release|Any CPU.Build.0 = Release|Any CPU
	EndGlobalSection
EndGlobal
